lockfileVersion: 5.4

specifiers:
  '@prisma/client': ^4.8.0
  '@sapphire/decorators': ^5.0.0
  '@sapphire/discord.js-utilities': ^5.1.2
  '@sapphire/framework': ^3.1.4
  '@sapphire/plugin-editable-commands': ^2.0.1
  '@sapphire/plugin-hmr': ^2.0.0
  '@sapphire/plugin-logger': ^3.0.1
  '@sapphire/plugin-subcommands': ^3.2.4
  '@sapphire/utilities': ^3.11.0
  '@types/glob': ^8.0.0
  '@types/node': ^18.11.17
  bufferutil: ^4.0.7
  discord-api-types: ^0.37.24
  discord.js: 13.12.0
  dotenv: ^16.0.3
  erlpack: discord/erlpack
  glob: ^8.0.3
  prisma: ^4.8.0
  rimraf: ^3.0.2
  source-map-support: ^0.5.21
  typescript: ^4.9.4
  utf-8-validate: ^5.0.10
  zlib-sync: ^0.1.7

dependencies:
  '@prisma/client': 4.8.0_prisma@4.8.0
  '@sapphire/decorators': 5.0.0
  '@sapphire/discord.js-utilities': 5.1.2
  '@sapphire/framework': 3.1.4
  '@sapphire/plugin-editable-commands': 2.0.1
  '@sapphire/plugin-hmr': 2.0.0
  '@sapphire/plugin-logger': 3.0.1
  '@sapphire/plugin-subcommands': 3.2.4
  '@sapphire/utilities': 3.11.0
  discord.js: 13.12.0_3cxu5zja4e2r5wmvge7mdcljwq
  dotenv: 16.0.3
  glob: 8.0.3
  source-map-support: 0.5.21

optionalDependencies:
  bufferutil: 4.0.7
  erlpack: github.com/discord/erlpack/cbe76be04c2210fc9cb6ff95910f0937c1011d04
  utf-8-validate: 5.0.10
  zlib-sync: 0.1.7

devDependencies:
  '@types/glob': 8.0.0
  '@types/node': 18.11.17
  discord-api-types: 0.37.24
  prisma: 4.8.0
  rimraf: 3.0.2
  typescript: 4.9.4

packages:

  /@discordjs/builders/0.16.0:
    resolution: {integrity: sha512-9/NCiZrLivgRub2/kBc0Vm5pMBE5AUdYbdXsLu/yg9ANgvnaJ0bZKTY8yYnLbsEc/LYUP79lEIdC73qEYhWq7A==}
    engines: {node: '>=16.9.0'}
    deprecated: no longer supported
    dependencies:
      '@sapphire/shapeshift': 3.8.1
      discord-api-types: 0.36.3
      fast-deep-equal: 3.1.3
      ts-mixer: 6.0.2
      tslib: 2.4.1
    dev: false

  /@discordjs/collection/0.7.0:
    resolution: {integrity: sha512-R5i8Wb8kIcBAFEPLLf7LVBQKBDYUL+ekb23sOgpkpyGT+V4P7V83wTxcsqmX+PbqHt4cEHn053uMWfRqh/Z/nA==}
    engines: {node: '>=16.9.0'}
    deprecated: no longer supported
    dev: false

  /@discordjs/collection/1.3.0:
    resolution: {integrity: sha512-ylt2NyZ77bJbRij4h9u/wVy7qYw/aDqQLWnadjvDqW/WoWCxrsX6M3CIw9GVP5xcGCDxsrKj5e0r5evuFYwrKg==}
    engines: {node: '>=16.9.0'}
    dev: false

  /@prisma/client/4.8.0_prisma@4.8.0:
    resolution: {integrity: sha512-Y1riB0p2W52kh3zgssP/YAhln3RjBFcJy3uwEiyjmU+TQYh6QTZDRFBo3JtBWuq2FyMOl1Rye8jxzUP+n0l5Cg==}
    engines: {node: '>=14.17'}
    requiresBuild: true
    peerDependencies:
      prisma: '*'
    peerDependenciesMeta:
      prisma:
        optional: true
    dependencies:
      '@prisma/engines-version': 4.8.0-61.d6e67a83f971b175a593ccc12e15c4a757f93ffe
      prisma: 4.8.0
    dev: false

  /@prisma/engines-version/4.8.0-61.d6e67a83f971b175a593ccc12e15c4a757f93ffe:
    resolution: {integrity: sha512-MHSOSexomRMom8QN4t7bu87wPPD+pa+hW9+71JnVcF3DqyyO/ycCLhRL1we3EojRpZxKvuyGho2REQsMCvxcJw==}
    dev: false

  /@prisma/engines/4.8.0:
    resolution: {integrity: sha512-A1Asn2rxZMlLAj1HTyfaCv0VQrLUv034jVay05QlqZg1qiHPeA3/pGTfNMijbsMYCsGVxfWEJuaZZuNxXGMCrA==}
    requiresBuild: true

  /@sapphire/async-queue/1.5.0:
    resolution: {integrity: sha512-JkLdIsP8fPAdh9ZZjrbHWR/+mZj0wvKS5ICibcLrRI1j84UmLMshx5n9QmL8b95d4onJ2xxiyugTgSAX7AalmA==}
    engines: {node: '>=v14.0.0', npm: '>=7.0.0'}
    dev: false

  /@sapphire/decorators/5.0.0:
    resolution: {integrity: sha512-jEHsE79nacjlwbfX2zyRCQ15lEzJLI4gEVZGU9iKmqbXVM0FcwrqZeQoGovIGxq5y0UIymvtYZJXhGkHLBpSdg==}
    engines: {node: '>=v14.0.0', npm: '>=7.0.0'}
    dependencies:
      tslib: 2.4.1
    dev: false

  /@sapphire/discord-utilities/2.12.0:
    resolution: {integrity: sha512-E/Qqb8PwEoX/WLVfcGvTglTgEGGcc/2rGtKBqhMcHcEEtNIY8dhQVYbW/KMNJpR/J81OqUJquVzpkzRe6fQWiw==}
    engines: {node: '>=v14.0.0', npm: '>=7.0.0'}
    dependencies:
      discord-api-types: 0.36.3
    dev: false

  /@sapphire/discord.js-utilities/5.1.2:
    resolution: {integrity: sha512-zKXUkVzueT3Zag9D/ubpey0g/vLXLCVVFlmYoZqpkx1HsTLSTKz4hxbD7IQ/8q7rvI5Pm/Ex1jajPHMLXKmlpw==}
    engines: {node: '>=16.6.0', npm: '>=7.0.0'}
    dependencies:
      '@sapphire/discord-utilities': 2.12.0
      '@sapphire/duration': 1.0.0
      '@sapphire/utilities': 3.11.0
      tslib: 2.4.1
    dev: false

  /@sapphire/duration/1.0.0:
    resolution: {integrity: sha512-B+6nKYnBmIlqqbamcR4iBvbQHz6/Kq2JUVM0rA3lQ+aYUYDdcA1Spt66CKtPWwdTYEtSv0VY6Jv27WCtFNYTUg==}
    engines: {node: '>=v14.0.0', npm: '>=7.0.0'}
    dev: false

  /@sapphire/framework/3.1.4:
    resolution: {integrity: sha512-IuivG0V/fRkBb5F7TTjgIEl9XIMZ57HjpJ31+Aev0FwYDW6/WqHXUjLE3FLUWQ1gZsDNpnu1C0c1qW4VkLdzKg==}
    engines: {node: '>=16.6.0', npm: '>=7.0.0'}
    dependencies:
      '@discordjs/builders': 0.16.0
      '@sapphire/discord-utilities': 2.12.0
      '@sapphire/discord.js-utilities': 5.1.2
      '@sapphire/lexure': 1.1.2
      '@sapphire/pieces': 3.6.0
      '@sapphire/ratelimits': 2.4.5
      '@sapphire/result': 2.6.0
      '@sapphire/stopwatch': 1.5.0
      '@sapphire/utilities': 3.11.0
    dev: false

  /@sapphire/lexure/1.1.2:
    resolution: {integrity: sha512-+v3P3EMDdFoybHH7c7cMcz30jEyxujkxWu5f958cf/Sm27fMM0IqwILnNFUpExZCBAueEM/eoSgbRl4q+K+0jg==}
    engines: {node: '>=v14.0.0', npm: '>=7.0.0'}
    dependencies:
      '@sapphire/result': 2.6.0
    dev: false

  /@sapphire/pieces/3.6.0:
    resolution: {integrity: sha512-6Zd6as4e8501NLbjbjTxsi0lVkT850kJroqyjBZClBW32Izr+1XW6sGQM/hl3Pil1/L4QMQqu4khszHejtnbjA==}
    engines: {node: '>=v14.0.0', npm: '>=7.0.0'}
    dependencies:
      '@discordjs/collection': 1.3.0
      '@sapphire/utilities': 3.11.0
      tslib: 2.4.1
    dev: false

  /@sapphire/plugin-editable-commands/2.0.1:
    resolution: {integrity: sha512-uXM2YweVLgZWzZxR0TDRPertnWiR6Yi8kuABudLIJuSN4WtAUUxeE65iUNEGN8rzFnIvRwHTRLRPxgIub0I6VQ==}
    engines: {node: '>=16.6.0', npm: '>=7.0.0'}
    dependencies:
      '@skyra/editable-commands': 2.1.4
      tslib: 2.4.1
    dev: false

  /@sapphire/plugin-hmr/2.0.0:
    resolution: {integrity: sha512-lJy+QzHHRlCjdEhqnol6xDApTVQsLiOuEKg6hTVwC+Ldc6LrOtnQPPYxBcbPmGTGj08/MEv+f47HA8kv+TsTKQ==}
    engines: {node: '>=16.6.0', npm: '>=7.0.0'}
    dependencies:
      chokidar: 3.5.3
      tslib: 2.4.1
    dev: false

  /@sapphire/plugin-logger/3.0.1:
    resolution: {integrity: sha512-sGAYL16bIe8SrUk8k+HOFGVWppSYi8T0F4T+hVCfYw9eiqTvqy5wPQcrzmd5hkvGINb8Ob8INNEl0In7PxXT6Q==}
    engines: {node: '>=v14.0.0', npm: '>=7.0.0'}
    dependencies:
      '@sapphire/timestamp': 1.0.0
      colorette: 2.0.19
      tslib: 2.4.1
    dev: false

  /@sapphire/plugin-subcommands/3.2.4:
    resolution: {integrity: sha512-vZQ/bV5AjScBMwgaHxnXVyev8ONjyRjNWq29ARJLNRTLMJ2wlnu60+tu+1ejCzRagxncesswjFr7wMWE2C9svw==}
    engines: {node: '>=v14.0.0', npm: '>=7.0.0'}
    dependencies:
      '@sapphire/utilities': 3.11.0
      tslib: 2.4.1
    dev: false

  /@sapphire/ratelimits/2.4.5:
    resolution: {integrity: sha512-2wqpVPRaPUE+CWStLm6wGLj1uA4Ln/9qbH4Ue/eCHC6/R5lJz0+8nGD1LpiYOcyeVLTHbmwODGeD92obkPej2g==}
    engines: {node: '>=v14.0.0', npm: '>=7.0.0'}
    dependencies:
      '@sapphire/timer-manager': 1.0.0
    dev: false

  /@sapphire/result/2.6.0:
    resolution: {integrity: sha512-gdW6n/oDZ8aC1439Ub3RiLQ6L4VHAxbN0AhGJWNkEZ6Z6Ww2V62fwRiA/73OPfgYQKXk9ljhAFiqNO91KAonHQ==}
    engines: {node: '>=v14.0.0', npm: '>=7.0.0'}
    dev: false

  /@sapphire/shapeshift/3.8.1:
    resolution: {integrity: sha512-xG1oXXBhCjPKbxrRTlox9ddaZTvVpOhYLmKmApD/vIWOV1xEYXnpoFs68zHIZBGbqztq6FrUPNPerIrO1Hqeaw==}
    engines: {node: '>=v14.0.0', npm: '>=7.0.0'}
    dependencies:
      fast-deep-equal: 3.1.3
      lodash: 4.17.21
    dev: false

  /@sapphire/stopwatch/1.5.0:
    resolution: {integrity: sha512-DtyKugdy3JTqm6JnEepTY64fGJAqlusDVrlrzifEgSCfGYCqpvB+SBldkWtDH+z+zLcp+PyaFLq7xpVfkhmvGg==}
    engines: {node: '>=v14.0.0', npm: '>=7.0.0'}
    dependencies:
      tslib: 2.4.1
    dev: false

  /@sapphire/timer-manager/1.0.0:
    resolution: {integrity: sha512-vxxnv75QPMGKt6IB6nL2xRJfwzcUQ9DBGzJLg6G8eS5O4u7j3IR/yr/GQsa4gIpjw6kQOgn8lUdnSTlpnERTbQ==}
    engines: {node: '>=v14.0.0', npm: '>=7.0.0'}
    dev: false

  /@sapphire/timestamp/1.0.0:
    resolution: {integrity: sha512-80g0xYP4zxsgNizMO0HVf+LcM1mD/jxke4feSytDzw8u1pEPr1APfIz3Ix7JB9VI113p0KjLBMywl+ceaN7jrw==}
    engines: {node: '>=v14.0.0', npm: '>=7.0.0'}
    dev: false

  /@sapphire/utilities/3.11.0:
    resolution: {integrity: sha512-ich7J+329UTEgWxgk8b871rMhbFW/hvXdabdiKaUKd6g10eIMkIakWf+EGkDQsiDSiebIXll9TIPPmWtN3cVSw==}
    engines: {node: '>=v14.0.0', npm: '>=7.0.0'}
    dev: false

  /@skyra/editable-commands/2.1.4:
    resolution: {integrity: sha512-W/m7GVmPCFKmEc49J4dLP6+TRlbBhXUPkN5KAV4PSzk5JaYLOTl5fgjEzHJOxtLHwiQBd36lrQdsWKxL+N9zBQ==}
    engines: {node: '>=16.6', npm: '>=7.24.2'}
    dev: false

  /@types/glob/8.0.0:
    resolution: {integrity: sha512-l6NQsDDyQUVeoTynNpC9uRvCUint/gSUXQA2euwmTuWGvPY5LSDUu6tkCtJB2SvGQlJQzLaKqcGZP4//7EDveA==}
    dependencies:
      '@types/minimatch': 5.1.2
      '@types/node': 18.11.17
    dev: true

  /@types/minimatch/5.1.2:
    resolution: {integrity: sha512-K0VQKziLUWkVKiRVrx4a40iPaxTUefQmjtkQofBkYRcoaaL/8rhwDWww9qWbrgicNOgnpIsMxyNIUM4+n6dUIA==}
    dev: true

  /@types/node-fetch/2.6.2:
    resolution: {integrity: sha512-DHqhlq5jeESLy19TYhLakJ07kNumXWjcDdxXsLUMJZ6ue8VZJj4kLPQVE/2mdHh3xZziNF1xppu5lwmS53HR+A==}
    dependencies:
      '@types/node': 18.11.17
      form-data: 3.0.1
    dev: false

  /@types/node/18.11.17:
    resolution: {integrity: sha512-HJSUJmni4BeDHhfzn6nF0sVmd1SMezP7/4F0Lq+aXzmp2xm9O7WXrUtHW/CHlYVtZUbByEvWidHqRtcJXGF2Ng==}

  /@types/ws/8.5.3:
    resolution: {integrity: sha512-6YOoWjruKj1uLf3INHH7D3qTXwFfEsg1kf3c0uDdSBJwfa/llkwIjrAGV7j7mVgGNbzTQ3HiHKKDXl6bJPD97w==}
    dependencies:
      '@types/node': 18.11.17
    dev: false

  /anymatch/3.1.3:
    resolution: {integrity: sha512-KMReFUr0B4t+D+OBkjR3KYqvocp2XaSzO55UcB6mgQMd3KbcE+mWTyvVV7D/zsdEbNnV6acZUutkiHQXvTr1Rw==}
    engines: {node: '>= 8'}
    dependencies:
      normalize-path: 3.0.0
      picomatch: 2.3.1
    dev: false

  /asynckit/0.4.0:
    resolution: {integrity: sha512-Oei9OH4tRh0YqU3GxhX79dM/mwVgvbZJaSNaRk+bshkj0S5cfHcgYakreBjrHwatXKbz+IoIdYLxrKim2MjW0Q==}
    dev: false

  /balanced-match/1.0.2:
    resolution: {integrity: sha512-3oSeUO0TMV67hN1AmbXsK4yaqU7tjiHlbxRDZOpH0KW9+CeX4bRAaX0Anxt0tx2MrpRpWwQaPwIlISEJhYU5Pw==}

  /binary-extensions/2.2.0:
    resolution: {integrity: sha512-jDctJ/IVQbZoJykoeHbhXpOlNBqGNcwXJKJog42E5HDPUwQTSdjCHdihjj0DlnheQ7blbT6dHOafNAiS8ooQKA==}
    engines: {node: '>=8'}
    dev: false

  /bindings/1.5.0:
    resolution: {integrity: sha512-p2q/t/mhvuOj/UeLlV6566GD/guowlr0hHxClI0W9m7MWYkL1F0hLo+0Aexs9HSPCtR1SXQ0TD3MMKrXZajbiQ==}
    dependencies:
      file-uri-to-path: 1.0.0
    dev: false
    optional: true

  /brace-expansion/1.1.11:
    resolution: {integrity: sha512-iCuPHDFgrHX7H2vEI/5xpz07zSHB00TpugqhmYtVmMO6518mCuRMoOYFldEBl0g187ufozdaHgWKcYFb61qGiA==}
    dependencies:
      balanced-match: 1.0.2
      concat-map: 0.0.1
    dev: true

  /brace-expansion/2.0.1:
    resolution: {integrity: sha512-XnAIvQ8eM+kC6aULx6wuQiwVsnzsi9d3WxzV3FpWTGA19F621kwdbsAcFKXgKUHZWsy+mY6iL1sHTxWEFCytDA==}
    dependencies:
      balanced-match: 1.0.2
    dev: false

  /braces/3.0.2:
    resolution: {integrity: sha512-b8um+L1RzM3WDSzvhm6gIz1yfTbBt6YTlcEKAvsmqCZZFw46z626lVj9j1yEPW33H5H+lBQpZMP1k8l+78Ha0A==}
    engines: {node: '>=8'}
    dependencies:
      fill-range: 7.0.1
    dev: false

  /buffer-from/1.1.2:
    resolution: {integrity: sha512-E+XQCRwSbaaiChtv6k6Dwgc+bx+Bs6vuKJHHl5kox/BaKbhiXzqQOwK4cO22yElGp2OCmjwVhT3HmxgyPGnJfQ==}
    dev: false

  /bufferutil/4.0.7:
    resolution: {integrity: sha512-kukuqc39WOHtdxtw4UScxF/WVnMFVSQVKhtx3AjZJzhd0RGZZldcrfSEbVsWWe6KNH253574cq5F+wpv0G9pJw==}
    engines: {node: '>=6.14.2'}
    requiresBuild: true
    dependencies:
      node-gyp-build: 4.5.0
    dev: false

  /chokidar/3.5.3:
    resolution: {integrity: sha512-Dr3sfKRP6oTcjf2JmUmFJfeVMvXBdegxB0iVQ5eb2V10uFJUCAS8OByZdVAyVb8xXNz3GjjTgj9kLWsZTqE6kw==}
    engines: {node: '>= 8.10.0'}
    dependencies:
      anymatch: 3.1.3
      braces: 3.0.2
      glob-parent: 5.1.2
      is-binary-path: 2.1.0
      is-glob: 4.0.3
      normalize-path: 3.0.0
      readdirp: 3.6.0
    optionalDependencies:
      fsevents: 2.3.2
    dev: false

  /colorette/2.0.19:
    resolution: {integrity: sha512-3tlv/dIP7FWvj3BsbHrGLJ6l/oKh1O3TcgBqMn+yyCagOxc23fyzDS6HypQbgxWbkpDnf52p1LuR4eWDQ/K9WQ==}
    dev: false

  /combined-stream/1.0.8:
    resolution: {integrity: sha512-FQN4MRfuJeHf7cBbBMJFXhKSDq+2kAArBlmRBvcvFE5BB1HZKXtSFASDhdlz9zOYwxh8lDdnvmMOe/+5cdoEdg==}
    engines: {node: '>= 0.8'}
    dependencies:
      delayed-stream: 1.0.0
    dev: false

  /concat-map/0.0.1:
    resolution: {integrity: sha512-/Srv4dswyQNBfohGpz9o6Yb3Gz3SrUDqBH5rTuhGR7ahtlbYKnVxw2bCFMRljaA7EXHaXZ8wsHdodFvbkhKmqg==}
    dev: true

  /delayed-stream/1.0.0:
    resolution: {integrity: sha512-ZySD7Nf91aLB0RxL4KGrKHBXl7Eds1DAmEdcoVawXnLD7SDhpNgtuII2aAkg7a7QS41jxPSZ17p4VdGnMHk3MQ==}
    engines: {node: '>=0.4.0'}
    dev: false

  /discord-api-types/0.33.5:
    resolution: {integrity: sha512-dvO5M52v7m7Dy96+XUnzXNsQ/0npsYpU6dL205kAtEDueswoz3aU3bh1UMoK4cQmcGtB1YRyLKqp+DXi05lzFg==}
    dev: false

  /discord-api-types/0.36.3:
    resolution: {integrity: sha512-bz/NDyG0KBo/tY14vSkrwQ/n3HKPf87a0WFW/1M9+tXYK+vp5Z5EksawfCWo2zkAc6o7CClc0eff1Pjrqznlwg==}
    dev: false

  /discord-api-types/0.37.24:
    resolution: {integrity: sha512-1+Fb4huJCihdbkJLcq2p7nBmtlmAryNwjefT8wwJnL8c7bc7WA87Oaa5mbLe96QvZyfwnwRCDX40H0HhcVV50g==}
    dev: true

  /discord.js/13.12.0_3cxu5zja4e2r5wmvge7mdcljwq:
    resolution: {integrity: sha512-K5qhREsYcTHkEqt7+7LcSoXTeQYZpI+SQRs9ei/FhbhUpirmjqFtN99P8W2mrKUyhhy7WXWm7rnna0AooKtIpw==}
    engines: {node: '>=16.6.0', npm: '>=7.0.0'}
    dependencies:
      '@discordjs/builders': 0.16.0
      '@discordjs/collection': 0.7.0
      '@sapphire/async-queue': 1.5.0
      '@types/node-fetch': 2.6.2
      '@types/ws': 8.5.3
      discord-api-types: 0.33.5
      form-data: 4.0.0
      node-fetch: 2.6.7
      ws: 8.11.0_3cxu5zja4e2r5wmvge7mdcljwq
    transitivePeerDependencies:
      - bufferutil
      - encoding
      - utf-8-validate
    dev: false

  /dotenv/16.0.3:
    resolution: {integrity: sha512-7GO6HghkA5fYG9TYnNxi14/7K9f5occMlp3zXAuSxn7CKCxt9xbNWG7yF8hTCSUchlfWSe3uLmlPfigevRItzQ==}
    engines: {node: '>=12'}
    dev: false

  /fast-deep-equal/3.1.3:
    resolution: {integrity: sha512-f3qQ9oQy9j2AhBe/H9VC91wLmKBCCU/gDOnKNAYG5hswO7BLKj09Hc5HYNz9cGI++xlpDCIgDaitVs03ATR84Q==}
    dev: false

  /file-uri-to-path/1.0.0:
    resolution: {integrity: sha512-0Zt+s3L7Vf1biwWZ29aARiVYLx7iMGnEUl9x33fbB/j3jR81u/O2LbqK+Bm1CDSNDKVtJ/YjwY7TUd5SkeLQLw==}
    dev: false
    optional: true

  /fill-range/7.0.1:
    resolution: {integrity: sha512-qOo9F+dMUmC2Lcb4BbVvnKJxTPjCm+RRpe4gDuGrzkL7mEVl/djYSu2OdQ2Pa302N4oqkSg9ir6jaLWJ2USVpQ==}
    engines: {node: '>=8'}
    dependencies:
      to-regex-range: 5.0.1
    dev: false

  /form-data/3.0.1:
    resolution: {integrity: sha512-RHkBKtLWUVwd7SqRIvCZMEvAMoGUp0XU+seQiZejj0COz3RI3hWP4sCv3gZWWLjJTd7rGwcsF5eKZGii0r/hbg==}
    engines: {node: '>= 6'}
    dependencies:
      asynckit: 0.4.0
      combined-stream: 1.0.8
      mime-types: 2.1.35
    dev: false

  /form-data/4.0.0:
    resolution: {integrity: sha512-ETEklSGi5t0QMZuiXoA/Q6vcnxcLQP5vdugSpuAyi6SVGi2clPPp+xgEhuMaHC+zGgn31Kd235W35f7Hykkaww==}
    engines: {node: '>= 6'}
    dependencies:
      asynckit: 0.4.0
      combined-stream: 1.0.8
      mime-types: 2.1.35
    dev: false

  /fs.realpath/1.0.0:
    resolution: {integrity: sha512-OO0pH2lK6a0hZnAdau5ItzHPI6pUlvI7jMVnxUQRtw4owF2wk8lOSabtGDCTP4Ggrg2MbGnWO9X8K1t4+fGMDw==}

  /fsevents/2.3.2:
    resolution: {integrity: sha512-xiqMQR4xAeHTuB9uWm+fFRcIOgKBMiOBP+eXiyT7jsgVCq1bkVygt00oASowB7EdtpOHaaPgKt812P9ab+DDKA==}
    engines: {node: ^8.16.0 || ^10.6.0 || >=11.0.0}
    os: [darwin]
    requiresBuild: true
    dev: false
    optional: true

  /glob-parent/5.1.2:
    resolution: {integrity: sha512-AOIgSQCepiJYwP3ARnGx+5VnTu2HBYdzbGP45eLw1vr3zB3vZLeyed1sC9hnbcOc9/SrMyM5RPQrkGz4aS9Zow==}
    engines: {node: '>= 6'}
    dependencies:
      is-glob: 4.0.3
    dev: false

  /glob/7.2.3:
    resolution: {integrity: sha512-nFR0zLpU2YCaRxwoCJvL6UvCH2JFyFVIvwTLsIf21AuHlMskA1hhTdk+LlYJtOlYt9v6dvszD2BGRqBL+iQK9Q==}
    dependencies:
      fs.realpath: 1.0.0
      inflight: 1.0.6
      inherits: 2.0.4
      minimatch: 3.1.2
      once: 1.4.0
      path-is-absolute: 1.0.1
    dev: true

  /glob/8.0.3:
    resolution: {integrity: sha512-ull455NHSHI/Y1FqGaaYFaLGkNMMJbavMrEGFXG/PGrg6y7sutWHUHrz6gy6WEBH6akM1M414dWKCNs+IhKdiQ==}
    engines: {node: '>=12'}
    dependencies:
      fs.realpath: 1.0.0
      inflight: 1.0.6
      inherits: 2.0.4
      minimatch: 5.1.2
      once: 1.4.0
    dev: false

  /inflight/1.0.6:
    resolution: {integrity: sha512-k92I/b08q4wvFscXCLvqfsHCrjrF7yiXsQuIVvVE7N82W3+aqpzuUdBbfhWcy/FZR3/4IgflMgKLOsvPDrGCJA==}
    dependencies:
      once: 1.4.0
      wrappy: 1.0.2

  /inherits/2.0.4:
    resolution: {integrity: sha512-k/vGaX4/Yla3WzyMCvTQOXYeIHvqOKtnqBduzTHpzpQZzAskKMhZ2K+EnBiSM9zGSoIFeMpXKxa4dYeZIQqewQ==}

  /is-binary-path/2.1.0:
    resolution: {integrity: sha512-ZMERYes6pDydyuGidse7OsHxtbI7WVeUEozgR/g7rd0xUimYNlvZRE/K2MgZTjWy725IfelLeVcEM97mmtRGXw==}
    engines: {node: '>=8'}
    dependencies:
      binary-extensions: 2.2.0
    dev: false

  /is-extglob/2.1.1:
    resolution: {integrity: sha512-SbKbANkN603Vi4jEZv49LeVJMn4yGwsbzZworEoyEiutsN3nJYdbO36zfhGJ6QEDpOZIFkDtnq5JRxmvl3jsoQ==}
    engines: {node: '>=0.10.0'}
    dev: false

  /is-glob/4.0.3:
    resolution: {integrity: sha512-xelSayHH36ZgE7ZWhli7pW34hNbNl8Ojv5KVmkJD4hBdD3th8Tfk9vYasLM+mXWOZhFkgZfxhLSnrwRr4elSSg==}
    engines: {node: '>=0.10.0'}
    dependencies:
      is-extglob: 2.1.1
    dev: false

  /is-number/7.0.0:
    resolution: {integrity: sha512-41Cifkg6e8TylSpdtTpeLVMqvSBEVzTttHvERD741+pnZ8ANv0004MRL43QKPDlK9cGvNp6NZWZUBlbGXYxxng==}
    engines: {node: '>=0.12.0'}
    dev: false

  /lodash/4.17.21:
    resolution: {integrity: sha512-v2kDEe57lecTulaDIuNTPy3Ry4gLGJ6Z1O3vE1krgXZNrsQ+LFTGHVxVjcXPs17LhbZVGedAJv8XZ1tvj5FvSg==}
    dev: false

  /mime-db/1.52.0:
    resolution: {integrity: sha512-sPU4uV7dYlvtWJxwwxHD0PuihVNiE7TyAbQ5SWxDCB9mUYvOgroQOwYQQOKPJ8CIbE+1ETVlOoK1UC2nU3gYvg==}
    engines: {node: '>= 0.6'}
    dev: false

  /mime-types/2.1.35:
    resolution: {integrity: sha512-ZDY+bPm5zTTF+YpCrAU9nK0UgICYPT0QtT1NZWFv4s++TNkcgVaT0g6+4R2uI4MjQjzysHB1zxuWL50hzaeXiw==}
    engines: {node: '>= 0.6'}
    dependencies:
      mime-db: 1.52.0
    dev: false

  /minimatch/3.1.2:
    resolution: {integrity: sha512-J7p63hRiAjw1NDEww1W7i37+ByIrOWO5XQQAzZ3VOcL0PNybwpfmV/N05zFAzwQ9USyEcX6t3UO+K5aqBQOIHw==}
    dependencies:
      brace-expansion: 1.1.11
    dev: true

  /minimatch/5.1.2:
    resolution: {integrity: sha512-bNH9mmM9qsJ2X4r2Nat1B//1dJVcn3+iBLa3IgqJ7EbGaDNepL9QSHOxN4ng33s52VMMhhIfgCYDk3C4ZmlDAg==}
    engines: {node: '>=10'}
    dependencies:
      brace-expansion: 2.0.1
    dev: false

  /nan/2.17.0:
    resolution: {integrity: sha512-2ZTgtl0nJsO0KQCjEpxcIr5D+Yv90plTitZt9JBfQvVJDS5seMl3FOvsh3+9CoYWXf/1l5OaZzzF6nDm4cagaQ==}
    dev: false
    optional: true

  /node-fetch/2.6.7:
    resolution: {integrity: sha512-ZjMPFEfVx5j+y2yF35Kzx5sF7kDzxuDj6ziH4FFbOp87zKDZNx8yExJIb05OGF4Nlt9IHFIMBkRl41VdvcNdbQ==}
    engines: {node: 4.x || >=6.0.0}
    peerDependencies:
      encoding: ^0.1.0
    peerDependenciesMeta:
      encoding:
        optional: true
    dependencies:
      whatwg-url: 5.0.0
    dev: false

  /node-gyp-build/4.5.0:
    resolution: {integrity: sha512-2iGbaQBV+ITgCz76ZEjmhUKAKVf7xfY1sRl4UiKQspfZMH2h06SyhNsnSVy50cwkFQDGLyif6m/6uFXHkOZ6rg==}
    hasBin: true
    dev: false

  /normalize-path/3.0.0:
    resolution: {integrity: sha512-6eZs5Ls3WtCisHWp9S2GUy8dqkpGi4BVSz3GaqiE6ezub0512ESztXUwUB6C6IKbQkY2Pnb/mD4WYojCRwcwLA==}
    engines: {node: '>=0.10.0'}
    dev: false

  /once/1.4.0:
    resolution: {integrity: sha512-lNaJgI+2Q5URQBkccEKHTQOPaXdUxnZZElQTZY0MFUAuaEqe1E+Nyvgdz/aIyNi6Z9MzO5dv1H8n58/GELp3+w==}
    dependencies:
      wrappy: 1.0.2

  /path-is-absolute/1.0.1:
    resolution: {integrity: sha512-AVbw3UJ2e9bq64vSaS9Am0fje1Pa8pbGqTTsmXfaIiMpnr5DlDhfJOuLj9Sf95ZPVDAUerDfEk88MPmPe7UCQg==}
    engines: {node: '>=0.10.0'}
    dev: true

  /picomatch/2.3.1:
    resolution: {integrity: sha512-JU3teHTNjmE2VCGFzuY8EXzCDVwEqB2a8fsIvwaStHhAWJEeVd1o1QD80CU6+ZdEXXSLbSsuLwJjkCBWqRQUVA==}
    engines: {node: '>=8.6'}
    dev: false

  /prisma/4.8.0:
    resolution: {integrity: sha512-DWIhxvxt8f4h6MDd35mz7BJff+fu7HItW3WPDIEpCR3RzcOWyiHBbLQW5/DOgmf+pRLTjwXQob7kuTZVYUAw5w==}
    engines: {node: '>=14.17'}
    hasBin: true
    requiresBuild: true
    dependencies:
      '@prisma/engines': 4.8.0

  /readdirp/3.6.0:
    resolution: {integrity: sha512-hOS089on8RduqdbhvQ5Z37A0ESjsqz6qnRcffsMU3495FuTdqSm+7bhJ29JvIOsBDEEnan5DPu9t3To9VRlMzA==}
    engines: {node: '>=8.10.0'}
    dependencies:
      picomatch: 2.3.1
    dev: false

  /rimraf/3.0.2:
    resolution: {integrity: sha512-JZkJMZkAGFFPP2YqXZXPbMlMBgsxzE8ILs4lMIX/2o0L9UBw9O/Y3o6wFw/i9YLapcUJWwqbi3kdxIPdC62TIA==}
    hasBin: true
    dependencies:
      glob: 7.2.3
    dev: true

  /source-map-support/0.5.21:
    resolution: {integrity: sha512-uBHU3L3czsIyYXKX88fdrGovxdSCoTGDRZ6SYXtSRxLZUzHg5P/66Ht6uoUlHu9EZod+inXhKo3qQgwXUT/y1w==}
    dependencies:
      buffer-from: 1.1.2
      source-map: 0.6.1
    dev: false

  /source-map/0.6.1:
    resolution: {integrity: sha512-UjgapumWlbMhkBgzT7Ykc5YXUT46F0iKu8SGXq0bcwP5dz/h0Plj6enJqjz1Zbq2l5WaqYnrVbwWOWMyF3F47g==}
    engines: {node: '>=0.10.0'}
    dev: false

  /to-regex-range/5.0.1:
    resolution: {integrity: sha512-65P7iz6X5yEr1cwcgvQxbbIw7Uk3gOy5dIdtZ4rDveLqhrdJP+Li/Hx6tyK0NEb+2GCyneCMJiGqrADCSNk8sQ==}
    engines: {node: '>=8.0'}
    dependencies:
      is-number: 7.0.0
    dev: false

  /tr46/0.0.3:
    resolution: {integrity: sha512-N3WMsuqV66lT30CrXNbEjx4GEwlow3v6rr4mCcv6prnfwhS01rkgyFdjPNBYd9br7LpXV1+Emh01fHnq2Gdgrw==}
    dev: false

  /ts-mixer/6.0.2:
    resolution: {integrity: sha512-zvHx3VM83m2WYCE8XL99uaM7mFwYSkjR2OZti98fabHrwkjsCvgwChda5xctein3xGOyaQhtTeDq/1H/GNvF3A==}
    dev: false

  /tslib/2.4.1:
    resolution: {integrity: sha512-tGyy4dAjRIEwI7BzsB0lynWgOpfqjUdq91XXAlIWD2OwKBH7oCl/GZG/HT4BOHrTlPMOASlMQ7veyTqpmRcrNA==}
    dev: false

  /typescript/4.9.4:
    resolution: {integrity: sha512-Uz+dTXYzxXXbsFpM86Wh3dKCxrQqUcVMxwU54orwlJjOpO3ao8L7j5lH+dWfTwgCwIuM9GQ2kvVotzYJMXTBZg==}
    engines: {node: '>=4.2.0'}
    hasBin: true
    dev: true

  /utf-8-validate/5.0.10:
    resolution: {integrity: sha512-Z6czzLq4u8fPOyx7TU6X3dvUZVvoJmxSQ+IcrlmagKhilxlhZgxPK6C5Jqbkw1IDUmFTM+cz9QDnnLTwDz/2gQ==}
    engines: {node: '>=6.14.2'}
    requiresBuild: true
    dependencies:
      node-gyp-build: 4.5.0
    dev: false

  /webidl-conversions/3.0.1:
    resolution: {integrity: sha512-2JAn3z8AR6rjK8Sm8orRC0h/bcl/DqL7tRPdGZ4I1CjdF+EaMLmYxBHyXuKL849eucPFhvBoxMsflfOb8kxaeQ==}
    dev: false

  /whatwg-url/5.0.0:
    resolution: {integrity: sha512-saE57nupxk6v3HY35+jzBwYa0rKSy0XR8JSxZPwgLr7ys0IBzhGviA1/TUGJLmSVqs8pb9AnvICXEuOHLprYTw==}
    dependencies:
      tr46: 0.0.3
      webidl-conversions: 3.0.1
    dev: false

  /wrappy/1.0.2:
    resolution: {integrity: sha512-l4Sp/DRseor9wL6EvV2+TuQn63dMkPjZ/sp9XkghTEbV9KlPS1xUsZ3u7/IQO4wxtcFB4bgpQPRcR3QCvezPcQ==}

  /ws/8.11.0_3cxu5zja4e2r5wmvge7mdcljwq:
    resolution: {integrity: sha512-HPG3wQd9sNQoT9xHyNCXoDUa+Xw/VevmY9FoHyQ+g+rrMn4j6FB4np7Z0OhdTgjx6MgQLK7jwSy1YecU1+4Asg==}
    engines: {node: '>=10.0.0'}
    peerDependencies:
      bufferutil: ^4.0.1
      utf-8-validate: ^5.0.2
    peerDependenciesMeta:
      bufferutil:
        optional: true
      utf-8-validate:
        optional: true
    dependencies:
      bufferutil: 4.0.7
      utf-8-validate: 5.0.10
    dev: false

  /zlib-sync/0.1.7:
    resolution: {integrity: sha512-UmciU6ZrIwtwPC8noMzq+kGMdiWwNRZ3wC0SbED4Ew5Ikqx14MqDPRs/Pbk+3rZPh5SzsOgUBs1WRE0iieddpg==}
    requiresBuild: true
    dependencies:
      nan: 2.17.0
    dev: false
    optional: true

  github.com/discord/erlpack/cbe76be04c2210fc9cb6ff95910f0937c1011d04:
    resolution: {tarball: https://codeload.github.com/discord/erlpack/tar.gz/cbe76be04c2210fc9cb6ff95910f0937c1011d04}
    name: erlpack
    version: 0.1.3
    requiresBuild: true
    dependencies:
      bindings: 1.5.0
      nan: 2.17.0
    dev: false
    optional: true
