lockfileVersion: 5.4

specifiers:
  '@prisma/client': ^4.8.1
  '@sapphire/decorators': ^6.0.0
  '@sapphire/discord.js-utilities': ^6.0.0
  '@sapphire/framework': ^4.0.0
  '@sapphire/plugin-editable-commands': ^3.0.0
  '@sapphire/plugin-hmr': ^2.0.0
  '@sapphire/plugin-logger': ^3.0.1
  '@sapphire/plugin-subcommands': ^4.0.0
  '@sapphire/utilities': ^3.11.0
  '@types/glob': ^8.0.0
  '@types/node': ^18.11.18
  bufferutil: ^4.0.7
  discord-api-types: ^0.37.27
  discord.js: 14.7.1
  dotenv: ^16.0.3
  erlpack: discord/erlpack
  glob: ^8.0.3
  prisma: ^4.8.1
  rimraf: ^3.0.2
  source-map-support: ^0.5.21
  typescript: ^4.9.4
  utf-8-validate: ^6.0.0
  zlib-sync: ^0.1.7

dependencies:
  '@prisma/client': 4.8.1_prisma@4.8.1
  '@sapphire/decorators': 6.0.0
  '@sapphire/discord.js-utilities': 6.0.0
  '@sapphire/framework': 4.0.0
  '@sapphire/plugin-editable-commands': 3.0.0
  '@sapphire/plugin-hmr': 2.0.0
  '@sapphire/plugin-logger': 3.0.1
  '@sapphire/plugin-subcommands': 4.0.0
  '@sapphire/utilities': 3.11.0
  discord.js: 14.7.1_b534fhs3xgzvdbz5qzlfkrhjjm
  dotenv: 16.0.3
  glob: 8.0.3
  source-map-support: 0.5.21

optionalDependencies:
  bufferutil: 4.0.7
  erlpack: github.com/discord/erlpack/cbe76be04c2210fc9cb6ff95910f0937c1011d04
  utf-8-validate: 6.0.0
  zlib-sync: 0.1.7

devDependencies:
  '@types/glob': 8.0.0
  '@types/node': 18.11.18
  discord-api-types: 0.37.27
  prisma: 4.8.1
  rimraf: 3.0.2
  typescript: 4.9.4

packages:

  /@discordjs/builders/1.4.0:
    resolution: {integrity: sha512-nEeTCheTTDw5kO93faM1j8ZJPonAX86qpq/QVoznnSa8WWcCgJpjlu6GylfINTDW6o7zZY0my2SYdxx2mfNwGA==}
    engines: {node: '>=16.9.0'}
    dependencies:
      '@discordjs/util': 0.1.0
      '@sapphire/shapeshift': 3.8.1
      discord-api-types: 0.37.27
      fast-deep-equal: 3.1.3
      ts-mixer: 6.0.2
      tslib: 2.4.1
    dev: false

  /@discordjs/collection/1.3.0:
    resolution: {integrity: sha512-ylt2NyZ77bJbRij4h9u/wVy7qYw/aDqQLWnadjvDqW/WoWCxrsX6M3CIw9GVP5xcGCDxsrKj5e0r5evuFYwrKg==}
    engines: {node: '>=16.9.0'}
    dev: false

  /@discordjs/rest/1.5.0:
    resolution: {integrity: sha512-lXgNFqHnbmzp5u81W0+frdXN6Etf4EUi8FAPcWpSykKd8hmlWh1xy6BmE0bsJypU1pxohaA8lQCgp70NUI3uzA==}
    engines: {node: '>=16.9.0'}
    dependencies:
      '@discordjs/collection': 1.3.0
      '@discordjs/util': 0.1.0
      '@sapphire/async-queue': 1.5.0
      '@sapphire/snowflake': 3.4.0
      discord-api-types: 0.37.27
      file-type: 18.0.0
      tslib: 2.4.1
      undici: 5.14.0
    dev: false

  /@discordjs/util/0.1.0:
    resolution: {integrity: sha512-e7d+PaTLVQav6rOc2tojh2y6FE8S7REkqLldq1XF4soCx74XB/DIjbVbVLtBemf0nLW77ntz0v+o5DytKwFNLQ==}
    engines: {node: '>=16.9.0'}
    dev: false

  /@prisma/client/4.8.1_prisma@4.8.1:
    resolution: {integrity: sha512-d4xhZhETmeXK/yZ7K0KcVOzEfI5YKGGEr4F5SBV04/MU4ncN/HcE28sy3e4Yt8UFW0ZuImKFQJE+9rWt9WbGSQ==}
    engines: {node: '>=14.17'}
    requiresBuild: true
    peerDependencies:
      prisma: '*'
    peerDependenciesMeta:
      prisma:
        optional: true
    dependencies:
      '@prisma/engines-version': 4.8.0-61.d6e67a83f971b175a593ccc12e15c4a757f93ffe
      prisma: 4.8.1
    dev: false

  /@prisma/engines-version/4.8.0-61.d6e67a83f971b175a593ccc12e15c4a757f93ffe:
    resolution: {integrity: sha512-MHSOSexomRMom8QN4t7bu87wPPD+pa+hW9+71JnVcF3DqyyO/ycCLhRL1we3EojRpZxKvuyGho2REQsMCvxcJw==}
    dev: false

  /@prisma/engines/4.8.1:
    resolution: {integrity: sha512-93tctjNXcIS+i/e552IO6tqw17sX8liivv8WX9lDMCpEEe3ci+nT9F+1oHtAafqruXLepKF80i/D20Mm+ESlOw==}
    requiresBuild: true

  /@sapphire/async-queue/1.5.0:
    resolution: {integrity: sha512-JkLdIsP8fPAdh9ZZjrbHWR/+mZj0wvKS5ICibcLrRI1j84UmLMshx5n9QmL8b95d4onJ2xxiyugTgSAX7AalmA==}
    engines: {node: '>=v14.0.0', npm: '>=7.0.0'}
    dev: false

  /@sapphire/decorators/6.0.0:
    resolution: {integrity: sha512-su+5K/ZT8PTxPLal9ZEq2Ik1J4ucEnY1ccBY1USW3NRj8iLFaEhPeUKpikRey3Wox2mpKeoxzZphrIWO5E8fng==}
    engines: {node: '>=v14.0.0', npm: '>=7.0.0'}
    dependencies:
      tslib: 2.4.1
    dev: false

  /@sapphire/discord-utilities/3.0.0:
    resolution: {integrity: sha512-3zhfppJD69VwtYGzXkf/VJ852hmYb3Bd5KIk0r3C8WqKKJin5qWpzRwmcxuRveFKz9ZJpMeZkHYKkL1e0zDVbg==}
    engines: {node: '>=v14.0.0', npm: '>=7.0.0'}
    dependencies:
      discord-api-types: 0.37.27
    dev: false

  /@sapphire/discord.js-utilities/6.0.0:
    resolution: {integrity: sha512-WqYeLeUATpIZysTEeYbHxYxrR4A/lQidTJX0vTgbTORAEUo0Zn5H7zDeoJz1zZtaS1wTL1qrnnY5rNYvH1D9Bg==}
    engines: {node: '>=16.6.0', npm: '>=7.0.0'}
    dependencies:
      '@sapphire/discord-utilities': 3.0.0
      '@sapphire/duration': 1.0.0
      '@sapphire/utilities': 3.11.0
      tslib: 2.4.1
    dev: false

  /@sapphire/duration/1.0.0:
    resolution: {integrity: sha512-B+6nKYnBmIlqqbamcR4iBvbQHz6/Kq2JUVM0rA3lQ+aYUYDdcA1Spt66CKtPWwdTYEtSv0VY6Jv27WCtFNYTUg==}
    engines: {node: '>=v14.0.0', npm: '>=7.0.0'}
    dev: false

  /@sapphire/framework/4.0.0:
    resolution: {integrity: sha512-HaQLJbIrEjtd+rZmIxDaG0QD8BXYmuKWTZuu0okbYmaNypCNYvVhT3v0sOrv9lxDGX3sYKFO9qPzN+M9aVXgpA==}
    engines: {node: '>=16.6.0', npm: '>=7.0.0'}
    dependencies:
      '@discordjs/builders': 1.4.0
      '@sapphire/discord-utilities': 3.0.0
      '@sapphire/discord.js-utilities': 6.0.0
      '@sapphire/lexure': 1.1.2
      '@sapphire/pieces': 3.6.0
      '@sapphire/ratelimits': 2.4.5
      '@sapphire/result': 2.6.0
      '@sapphire/stopwatch': 1.5.0
      '@sapphire/utilities': 3.11.0
    dev: false

  /@sapphire/lexure/1.1.2:
    resolution: {integrity: sha512-+v3P3EMDdFoybHH7c7cMcz30jEyxujkxWu5f958cf/Sm27fMM0IqwILnNFUpExZCBAueEM/eoSgbRl4q+K+0jg==}
    engines: {node: '>=v14.0.0', npm: '>=7.0.0'}
    dependencies:
      '@sapphire/result': 2.6.0
    dev: false

  /@sapphire/pieces/3.6.0:
    resolution: {integrity: sha512-6Zd6as4e8501NLbjbjTxsi0lVkT850kJroqyjBZClBW32Izr+1XW6sGQM/hl3Pil1/L4QMQqu4khszHejtnbjA==}
    engines: {node: '>=v14.0.0', npm: '>=7.0.0'}
    dependencies:
      '@discordjs/collection': 1.3.0
      '@sapphire/utilities': 3.11.0
      tslib: 2.4.1
    dev: false

  /@sapphire/plugin-editable-commands/3.0.0:
    resolution: {integrity: sha512-RcmBOeBBOIPcwet/7AxFgbyRuHnW0Tpy1G/m897lSwkhDFG7zXUeJ9gEEWcoYCavJsC6mqiBSieI5pAC7vYMwQ==}
    engines: {node: '>=16.6.0', npm: '>=7.0.0'}
    dependencies:
      '@skyra/editable-commands': 3.0.0
      tslib: 2.4.1
    dev: false

  /@sapphire/plugin-hmr/2.0.0:
    resolution: {integrity: sha512-lJy+QzHHRlCjdEhqnol6xDApTVQsLiOuEKg6hTVwC+Ldc6LrOtnQPPYxBcbPmGTGj08/MEv+f47HA8kv+TsTKQ==}
    engines: {node: '>=16.6.0', npm: '>=7.0.0'}
    dependencies:
      chokidar: 3.5.3
      tslib: 2.4.1
    dev: false

  /@sapphire/plugin-logger/3.0.1:
    resolution: {integrity: sha512-sGAYL16bIe8SrUk8k+HOFGVWppSYi8T0F4T+hVCfYw9eiqTvqy5wPQcrzmd5hkvGINb8Ob8INNEl0In7PxXT6Q==}
    engines: {node: '>=v14.0.0', npm: '>=7.0.0'}
    dependencies:
      '@sapphire/timestamp': 1.0.0
      colorette: 2.0.19
      tslib: 2.4.1
    dev: false

  /@sapphire/plugin-subcommands/4.0.0:
    resolution: {integrity: sha512-jugJskJuFN8Cq7NeQ2XnaJkQuyPOj9JfZDSAVVSdiddKAGcXVMhGaB0YoDJ29MvFqSSNj3zPXAl4esvzIt/FiA==}
    engines: {node: '>=v14.0.0', npm: '>=7.0.0'}
    dependencies:
      '@sapphire/utilities': 3.11.0
      tslib: 2.4.1
    dev: false

  /@sapphire/ratelimits/2.4.5:
    resolution: {integrity: sha512-2wqpVPRaPUE+CWStLm6wGLj1uA4Ln/9qbH4Ue/eCHC6/R5lJz0+8nGD1LpiYOcyeVLTHbmwODGeD92obkPej2g==}
    engines: {node: '>=v14.0.0', npm: '>=7.0.0'}
    dependencies:
      '@sapphire/timer-manager': 1.0.0
    dev: false

  /@sapphire/result/2.6.0:
    resolution: {integrity: sha512-gdW6n/oDZ8aC1439Ub3RiLQ6L4VHAxbN0AhGJWNkEZ6Z6Ww2V62fwRiA/73OPfgYQKXk9ljhAFiqNO91KAonHQ==}
    engines: {node: '>=v14.0.0', npm: '>=7.0.0'}
    dev: false

  /@sapphire/shapeshift/3.8.1:
    resolution: {integrity: sha512-xG1oXXBhCjPKbxrRTlox9ddaZTvVpOhYLmKmApD/vIWOV1xEYXnpoFs68zHIZBGbqztq6FrUPNPerIrO1Hqeaw==}
    engines: {node: '>=v14.0.0', npm: '>=7.0.0'}
    dependencies:
      fast-deep-equal: 3.1.3
      lodash: 4.17.21
    dev: false

  /@sapphire/snowflake/3.4.0:
    resolution: {integrity: sha512-zZxymtVO6zeXVMPds+6d7gv/OfnCc25M1Z+7ZLB0oPmeMTPeRWVPQSS16oDJy5ZsyCOLj7M6mbZml5gWXcVRNw==}
    engines: {node: '>=v14.0.0', npm: '>=7.0.0'}
    dev: false

  /@sapphire/stopwatch/1.5.0:
    resolution: {integrity: sha512-DtyKugdy3JTqm6JnEepTY64fGJAqlusDVrlrzifEgSCfGYCqpvB+SBldkWtDH+z+zLcp+PyaFLq7xpVfkhmvGg==}
    engines: {node: '>=v14.0.0', npm: '>=7.0.0'}
    dependencies:
      tslib: 2.4.1
    dev: false

  /@sapphire/timer-manager/1.0.0:
    resolution: {integrity: sha512-vxxnv75QPMGKt6IB6nL2xRJfwzcUQ9DBGzJLg6G8eS5O4u7j3IR/yr/GQsa4gIpjw6kQOgn8lUdnSTlpnERTbQ==}
    engines: {node: '>=v14.0.0', npm: '>=7.0.0'}
    dev: false

  /@sapphire/timestamp/1.0.0:
    resolution: {integrity: sha512-80g0xYP4zxsgNizMO0HVf+LcM1mD/jxke4feSytDzw8u1pEPr1APfIz3Ix7JB9VI113p0KjLBMywl+ceaN7jrw==}
    engines: {node: '>=v14.0.0', npm: '>=7.0.0'}
    dev: false

  /@sapphire/utilities/3.11.0:
    resolution: {integrity: sha512-ich7J+329UTEgWxgk8b871rMhbFW/hvXdabdiKaUKd6g10eIMkIakWf+EGkDQsiDSiebIXll9TIPPmWtN3cVSw==}
    engines: {node: '>=v14.0.0', npm: '>=7.0.0'}
    dev: false

  /@skyra/editable-commands/3.0.0:
    resolution: {integrity: sha512-xP0yQDvNAjK1SsEqa9kwnkvr/jvzrrc5a6vp64hQULQezMXFBD23NBYMphV0CgLIDCifJHZfgQPBPL3zUAz5+A==}
    engines: {node: '>=16.6', npm: '>=7.24.2'}
    dev: false

  /@tokenizer/token/0.3.0:
    resolution: {integrity: sha512-OvjF+z51L3ov0OyAU0duzsYuvO01PH7x4t6DJx+guahgTnBHkhJdG7soQeTSFLWN3efnHyibZ4Z8l2EuWwJN3A==}
    dev: false

  /@types/glob/8.0.0:
    resolution: {integrity: sha512-l6NQsDDyQUVeoTynNpC9uRvCUint/gSUXQA2euwmTuWGvPY5LSDUu6tkCtJB2SvGQlJQzLaKqcGZP4//7EDveA==}
    dependencies:
      '@types/minimatch': 5.1.2
      '@types/node': 18.11.18
    dev: true

  /@types/minimatch/5.1.2:
    resolution: {integrity: sha512-K0VQKziLUWkVKiRVrx4a40iPaxTUefQmjtkQofBkYRcoaaL/8rhwDWww9qWbrgicNOgnpIsMxyNIUM4+n6dUIA==}
    dev: true

  /@types/node/18.11.18:
    resolution: {integrity: sha512-DHQpWGjyQKSHj3ebjFI/wRKcqQcdR+MoFBygntYOZytCqNfkd2ZC4ARDJ2DQqhjH5p85Nnd3jhUJIXrszFX/JA==}

  /@types/ws/8.5.4:
    resolution: {integrity: sha512-zdQDHKUgcX/zBc4GrwsE/7dVdAD8JR4EuiAXiiUhhfyIJXXb2+PrGshFyeXWQPMmmZ2XxgaqclgpIC7eTXc1mg==}
    dependencies:
      '@types/node': 18.11.18
    dev: false

  /anymatch/3.1.3:
    resolution: {integrity: sha512-KMReFUr0B4t+D+OBkjR3KYqvocp2XaSzO55UcB6mgQMd3KbcE+mWTyvVV7D/zsdEbNnV6acZUutkiHQXvTr1Rw==}
    engines: {node: '>= 8'}
    dependencies:
      normalize-path: 3.0.0
      picomatch: 2.3.1
    dev: false

  /balanced-match/1.0.2:
    resolution: {integrity: sha512-3oSeUO0TMV67hN1AmbXsK4yaqU7tjiHlbxRDZOpH0KW9+CeX4bRAaX0Anxt0tx2MrpRpWwQaPwIlISEJhYU5Pw==}

  /binary-extensions/2.2.0:
    resolution: {integrity: sha512-jDctJ/IVQbZoJykoeHbhXpOlNBqGNcwXJKJog42E5HDPUwQTSdjCHdihjj0DlnheQ7blbT6dHOafNAiS8ooQKA==}
    engines: {node: '>=8'}
    dev: false

  /bindings/1.5.0:
    resolution: {integrity: sha512-p2q/t/mhvuOj/UeLlV6566GD/guowlr0hHxClI0W9m7MWYkL1F0hLo+0Aexs9HSPCtR1SXQ0TD3MMKrXZajbiQ==}
    dependencies:
      file-uri-to-path: 1.0.0
    dev: false
    optional: true

  /brace-expansion/1.1.11:
    resolution: {integrity: sha512-iCuPHDFgrHX7H2vEI/5xpz07zSHB00TpugqhmYtVmMO6518mCuRMoOYFldEBl0g187ufozdaHgWKcYFb61qGiA==}
    dependencies:
      balanced-match: 1.0.2
      concat-map: 0.0.1
    dev: true

  /brace-expansion/2.0.1:
    resolution: {integrity: sha512-XnAIvQ8eM+kC6aULx6wuQiwVsnzsi9d3WxzV3FpWTGA19F621kwdbsAcFKXgKUHZWsy+mY6iL1sHTxWEFCytDA==}
    dependencies:
      balanced-match: 1.0.2
    dev: false

  /braces/3.0.2:
    resolution: {integrity: sha512-b8um+L1RzM3WDSzvhm6gIz1yfTbBt6YTlcEKAvsmqCZZFw46z626lVj9j1yEPW33H5H+lBQpZMP1k8l+78Ha0A==}
    engines: {node: '>=8'}
    dependencies:
      fill-range: 7.0.1
    dev: false

  /buffer-from/1.1.2:
    resolution: {integrity: sha512-E+XQCRwSbaaiChtv6k6Dwgc+bx+Bs6vuKJHHl5kox/BaKbhiXzqQOwK4cO22yElGp2OCmjwVhT3HmxgyPGnJfQ==}
    dev: false

  /bufferutil/4.0.7:
    resolution: {integrity: sha512-kukuqc39WOHtdxtw4UScxF/WVnMFVSQVKhtx3AjZJzhd0RGZZldcrfSEbVsWWe6KNH253574cq5F+wpv0G9pJw==}
    engines: {node: '>=6.14.2'}
    requiresBuild: true
    dependencies:
      node-gyp-build: 4.6.0
    dev: false

  /busboy/1.6.0:
    resolution: {integrity: sha512-8SFQbg/0hQ9xy3UNTB0YEnsNBbWfhf7RtnzpL7TkBiTBRfrQ9Fxcnz7VJsleJpyp6rVLvXiuORqjlHi5q+PYuA==}
    engines: {node: '>=10.16.0'}
    dependencies:
      streamsearch: 1.1.0
    dev: false

  /chokidar/3.5.3:
    resolution: {integrity: sha512-Dr3sfKRP6oTcjf2JmUmFJfeVMvXBdegxB0iVQ5eb2V10uFJUCAS8OByZdVAyVb8xXNz3GjjTgj9kLWsZTqE6kw==}
    engines: {node: '>= 8.10.0'}
    dependencies:
      anymatch: 3.1.3
      braces: 3.0.2
      glob-parent: 5.1.2
      is-binary-path: 2.1.0
      is-glob: 4.0.3
      normalize-path: 3.0.0
      readdirp: 3.6.0
    optionalDependencies:
      fsevents: 2.3.2
    dev: false

  /colorette/2.0.19:
    resolution: {integrity: sha512-3tlv/dIP7FWvj3BsbHrGLJ6l/oKh1O3TcgBqMn+yyCagOxc23fyzDS6HypQbgxWbkpDnf52p1LuR4eWDQ/K9WQ==}
    dev: false

  /concat-map/0.0.1:
    resolution: {integrity: sha512-/Srv4dswyQNBfohGpz9o6Yb3Gz3SrUDqBH5rTuhGR7ahtlbYKnVxw2bCFMRljaA7EXHaXZ8wsHdodFvbkhKmqg==}
    dev: true

  /discord-api-types/0.37.27:
    resolution: {integrity: sha512-rfB4zT9gkKgIfLOgXQZPUXaaKY9gwQhyhiir5TU/GN+38E39NNasRPYOcAeM4JPGAuDrHDvPtYiZGa0GfT60ww==}

  /discord.js/14.7.1_b534fhs3xgzvdbz5qzlfkrhjjm:
    resolution: {integrity: sha512-1FECvqJJjjeYcjSm0IGMnPxLqja/pmG1B0W2l3lUY2Gi4KXiyTeQmU1IxWcbXHn2k+ytP587mMWqva2IA87EbA==}
    engines: {node: '>=16.9.0'}
    dependencies:
      '@discordjs/builders': 1.4.0
      '@discordjs/collection': 1.3.0
      '@discordjs/rest': 1.5.0
      '@discordjs/util': 0.1.0
      '@sapphire/snowflake': 3.4.0
      '@types/ws': 8.5.4
      discord-api-types: 0.37.27
      fast-deep-equal: 3.1.3
      lodash.snakecase: 4.1.1
      tslib: 2.4.1
      undici: 5.14.0
      ws: 8.12.0_b534fhs3xgzvdbz5qzlfkrhjjm
    transitivePeerDependencies:
      - bufferutil
      - utf-8-validate
    dev: false

  /dotenv/16.0.3:
    resolution: {integrity: sha512-7GO6HghkA5fYG9TYnNxi14/7K9f5occMlp3zXAuSxn7CKCxt9xbNWG7yF8hTCSUchlfWSe3uLmlPfigevRItzQ==}
    engines: {node: '>=12'}
    dev: false

  /fast-deep-equal/3.1.3:
    resolution: {integrity: sha512-f3qQ9oQy9j2AhBe/H9VC91wLmKBCCU/gDOnKNAYG5hswO7BLKj09Hc5HYNz9cGI++xlpDCIgDaitVs03ATR84Q==}
    dev: false

  /file-type/18.0.0:
    resolution: {integrity: sha512-jjMwFpnW8PKofLE/4ohlhqwDk5k0NC6iy0UHAJFKoY1fQeGMN0GDdLgHQrvCbSpMwbqzoCZhRI5dETCZna5qVA==}
    engines: {node: '>=14.16'}
    dependencies:
      readable-web-to-node-stream: 3.0.2
      strtok3: 7.0.0
      token-types: 5.0.1
    dev: false

  /file-uri-to-path/1.0.0:
    resolution: {integrity: sha512-0Zt+s3L7Vf1biwWZ29aARiVYLx7iMGnEUl9x33fbB/j3jR81u/O2LbqK+Bm1CDSNDKVtJ/YjwY7TUd5SkeLQLw==}
    dev: false
    optional: true

  /fill-range/7.0.1:
    resolution: {integrity: sha512-qOo9F+dMUmC2Lcb4BbVvnKJxTPjCm+RRpe4gDuGrzkL7mEVl/djYSu2OdQ2Pa302N4oqkSg9ir6jaLWJ2USVpQ==}
    engines: {node: '>=8'}
    dependencies:
      to-regex-range: 5.0.1
    dev: false

  /fs.realpath/1.0.0:
    resolution: {integrity: sha512-OO0pH2lK6a0hZnAdau5ItzHPI6pUlvI7jMVnxUQRtw4owF2wk8lOSabtGDCTP4Ggrg2MbGnWO9X8K1t4+fGMDw==}

  /fsevents/2.3.2:
    resolution: {integrity: sha512-xiqMQR4xAeHTuB9uWm+fFRcIOgKBMiOBP+eXiyT7jsgVCq1bkVygt00oASowB7EdtpOHaaPgKt812P9ab+DDKA==}
    engines: {node: ^8.16.0 || ^10.6.0 || >=11.0.0}
    os: [darwin]
    requiresBuild: true
    dev: false
    optional: true

  /glob-parent/5.1.2:
    resolution: {integrity: sha512-AOIgSQCepiJYwP3ARnGx+5VnTu2HBYdzbGP45eLw1vr3zB3vZLeyed1sC9hnbcOc9/SrMyM5RPQrkGz4aS9Zow==}
    engines: {node: '>= 6'}
    dependencies:
      is-glob: 4.0.3
    dev: false

  /glob/7.2.3:
    resolution: {integrity: sha512-nFR0zLpU2YCaRxwoCJvL6UvCH2JFyFVIvwTLsIf21AuHlMskA1hhTdk+LlYJtOlYt9v6dvszD2BGRqBL+iQK9Q==}
    dependencies:
      fs.realpath: 1.0.0
      inflight: 1.0.6
      inherits: 2.0.4
      minimatch: 3.1.2
      once: 1.4.0
      path-is-absolute: 1.0.1
    dev: true

  /glob/8.0.3:
    resolution: {integrity: sha512-ull455NHSHI/Y1FqGaaYFaLGkNMMJbavMrEGFXG/PGrg6y7sutWHUHrz6gy6WEBH6akM1M414dWKCNs+IhKdiQ==}
    engines: {node: '>=12'}
    dependencies:
      fs.realpath: 1.0.0
      inflight: 1.0.6
      inherits: 2.0.4
      minimatch: 5.1.2
      once: 1.4.0
    dev: false

  /ieee754/1.2.1:
    resolution: {integrity: sha512-dcyqhDvX1C46lXZcVqCpK+FtMRQVdIMN6/Df5js2zouUsqG7I6sFxitIC+7KYK29KdXOLHdu9zL4sFnoVQnqaA==}
    dev: false

  /inflight/1.0.6:
    resolution: {integrity: sha512-k92I/b08q4wvFscXCLvqfsHCrjrF7yiXsQuIVvVE7N82W3+aqpzuUdBbfhWcy/FZR3/4IgflMgKLOsvPDrGCJA==}
    dependencies:
      once: 1.4.0
      wrappy: 1.0.2

  /inherits/2.0.4:
    resolution: {integrity: sha512-k/vGaX4/Yla3WzyMCvTQOXYeIHvqOKtnqBduzTHpzpQZzAskKMhZ2K+EnBiSM9zGSoIFeMpXKxa4dYeZIQqewQ==}

  /is-binary-path/2.1.0:
    resolution: {integrity: sha512-ZMERYes6pDydyuGidse7OsHxtbI7WVeUEozgR/g7rd0xUimYNlvZRE/K2MgZTjWy725IfelLeVcEM97mmtRGXw==}
    engines: {node: '>=8'}
    dependencies:
      binary-extensions: 2.2.0
    dev: false

  /is-extglob/2.1.1:
    resolution: {integrity: sha512-SbKbANkN603Vi4jEZv49LeVJMn4yGwsbzZworEoyEiutsN3nJYdbO36zfhGJ6QEDpOZIFkDtnq5JRxmvl3jsoQ==}
    engines: {node: '>=0.10.0'}
    dev: false

  /is-glob/4.0.3:
    resolution: {integrity: sha512-xelSayHH36ZgE7ZWhli7pW34hNbNl8Ojv5KVmkJD4hBdD3th8Tfk9vYasLM+mXWOZhFkgZfxhLSnrwRr4elSSg==}
    engines: {node: '>=0.10.0'}
    dependencies:
      is-extglob: 2.1.1
    dev: false

  /is-number/7.0.0:
    resolution: {integrity: sha512-41Cifkg6e8TylSpdtTpeLVMqvSBEVzTttHvERD741+pnZ8ANv0004MRL43QKPDlK9cGvNp6NZWZUBlbGXYxxng==}
    engines: {node: '>=0.12.0'}
    dev: false

  /lodash.snakecase/4.1.1:
    resolution: {integrity: sha512-QZ1d4xoBHYUeuouhEq3lk3Uq7ldgyFXGBhg04+oRLnIz8o9T65Eh+8YdroUwn846zchkA9yDsDl5CVVaV2nqYw==}
    dev: false

  /lodash/4.17.21:
    resolution: {integrity: sha512-v2kDEe57lecTulaDIuNTPy3Ry4gLGJ6Z1O3vE1krgXZNrsQ+LFTGHVxVjcXPs17LhbZVGedAJv8XZ1tvj5FvSg==}
    dev: false

  /minimatch/3.1.2:
    resolution: {integrity: sha512-J7p63hRiAjw1NDEww1W7i37+ByIrOWO5XQQAzZ3VOcL0PNybwpfmV/N05zFAzwQ9USyEcX6t3UO+K5aqBQOIHw==}
    dependencies:
      brace-expansion: 1.1.11
    dev: true

  /minimatch/5.1.2:
    resolution: {integrity: sha512-bNH9mmM9qsJ2X4r2Nat1B//1dJVcn3+iBLa3IgqJ7EbGaDNepL9QSHOxN4ng33s52VMMhhIfgCYDk3C4ZmlDAg==}
    engines: {node: '>=10'}
    dependencies:
      brace-expansion: 2.0.1
    dev: false

  /nan/2.17.0:
    resolution: {integrity: sha512-2ZTgtl0nJsO0KQCjEpxcIr5D+Yv90plTitZt9JBfQvVJDS5seMl3FOvsh3+9CoYWXf/1l5OaZzzF6nDm4cagaQ==}
    dev: false
    optional: true

  /node-gyp-build/4.6.0:
    resolution: {integrity: sha512-NTZVKn9IylLwUzaKjkas1e4u2DLNcV4rdYagA4PWdPwW87Bi7z+BznyKSRwS/761tV/lzCGXplWsiaMjLqP2zQ==}
    hasBin: true
    dev: false

  /normalize-path/3.0.0:
    resolution: {integrity: sha512-6eZs5Ls3WtCisHWp9S2GUy8dqkpGi4BVSz3GaqiE6ezub0512ESztXUwUB6C6IKbQkY2Pnb/mD4WYojCRwcwLA==}
    engines: {node: '>=0.10.0'}
    dev: false

  /once/1.4.0:
    resolution: {integrity: sha512-lNaJgI+2Q5URQBkccEKHTQOPaXdUxnZZElQTZY0MFUAuaEqe1E+Nyvgdz/aIyNi6Z9MzO5dv1H8n58/GELp3+w==}
    dependencies:
      wrappy: 1.0.2

  /path-is-absolute/1.0.1:
    resolution: {integrity: sha512-AVbw3UJ2e9bq64vSaS9Am0fje1Pa8pbGqTTsmXfaIiMpnr5DlDhfJOuLj9Sf95ZPVDAUerDfEk88MPmPe7UCQg==}
    engines: {node: '>=0.10.0'}
    dev: true

  /peek-readable/5.0.0:
    resolution: {integrity: sha512-YtCKvLUOvwtMGmrniQPdO7MwPjgkFBtFIrmfSbYmYuq3tKDV/mcfAhBth1+C3ru7uXIZasc/pHnb+YDYNkkj4A==}
    engines: {node: '>=14.16'}
    dev: false

  /picomatch/2.3.1:
    resolution: {integrity: sha512-JU3teHTNjmE2VCGFzuY8EXzCDVwEqB2a8fsIvwaStHhAWJEeVd1o1QD80CU6+ZdEXXSLbSsuLwJjkCBWqRQUVA==}
    engines: {node: '>=8.6'}
    dev: false

  /prisma/4.8.1:
    resolution: {integrity: sha512-ZMLnSjwulIeYfaU1O6/LF6PEJzxN5par5weykxMykS9Z6ara/j76JH3Yo2AH3bgJbPN4Z6NeCK9s5fDkzf33cg==}
    engines: {node: '>=14.17'}
    hasBin: true
    requiresBuild: true
    dependencies:
      '@prisma/engines': 4.8.1

  /readable-stream/3.6.0:
    resolution: {integrity: sha512-BViHy7LKeTz4oNnkcLJ+lVSL6vpiFeX6/d3oSH8zCW7UxP2onchk+vTGB143xuFjHS3deTgkKoXXymXqymiIdA==}
    engines: {node: '>= 6'}
    dependencies:
      inherits: 2.0.4
      string_decoder: 1.3.0
      util-deprecate: 1.0.2
    dev: false

  /readable-web-to-node-stream/3.0.2:
    resolution: {integrity: sha512-ePeK6cc1EcKLEhJFt/AebMCLL+GgSKhuygrZ/GLaKZYEecIgIECf4UaUuaByiGtzckwR4ain9VzUh95T1exYGw==}
    engines: {node: '>=8'}
    dependencies:
      readable-stream: 3.6.0
    dev: false

  /readdirp/3.6.0:
    resolution: {integrity: sha512-hOS089on8RduqdbhvQ5Z37A0ESjsqz6qnRcffsMU3495FuTdqSm+7bhJ29JvIOsBDEEnan5DPu9t3To9VRlMzA==}
    engines: {node: '>=8.10.0'}
    dependencies:
      picomatch: 2.3.1
    dev: false

  /rimraf/3.0.2:
    resolution: {integrity: sha512-JZkJMZkAGFFPP2YqXZXPbMlMBgsxzE8ILs4lMIX/2o0L9UBw9O/Y3o6wFw/i9YLapcUJWwqbi3kdxIPdC62TIA==}
    hasBin: true
    dependencies:
      glob: 7.2.3
    dev: true

  /safe-buffer/5.2.1:
    resolution: {integrity: sha512-rp3So07KcdmmKbGvgaNxQSJr7bGVSVk5S9Eq1F+ppbRo70+YeaDxkw5Dd8NPN+GD6bjnYm2VuPuCXmpuYvmCXQ==}
    dev: false

  /source-map-support/0.5.21:
    resolution: {integrity: sha512-uBHU3L3czsIyYXKX88fdrGovxdSCoTGDRZ6SYXtSRxLZUzHg5P/66Ht6uoUlHu9EZod+inXhKo3qQgwXUT/y1w==}
    dependencies:
      buffer-from: 1.1.2
      source-map: 0.6.1
    dev: false

  /source-map/0.6.1:
    resolution: {integrity: sha512-UjgapumWlbMhkBgzT7Ykc5YXUT46F0iKu8SGXq0bcwP5dz/h0Plj6enJqjz1Zbq2l5WaqYnrVbwWOWMyF3F47g==}
    engines: {node: '>=0.10.0'}
    dev: false

  /streamsearch/1.1.0:
    resolution: {integrity: sha512-Mcc5wHehp9aXz1ax6bZUyY5afg9u2rv5cqQI3mRrYkGC8rW2hM02jWuwjtL++LS5qinSyhj2QfLyNsuc+VsExg==}
    engines: {node: '>=10.0.0'}
    dev: false

  /string_decoder/1.3.0:
    resolution: {integrity: sha512-hkRX8U1WjJFd8LsDJ2yQ/wWWxaopEsABU1XfkM8A+j0+85JAGppt16cr1Whg6KIbb4okU6Mql6BOj+uup/wKeA==}
    dependencies:
      safe-buffer: 5.2.1
    dev: false

  /strtok3/7.0.0:
    resolution: {integrity: sha512-pQ+V+nYQdC5H3Q7qBZAz/MO6lwGhoC2gOAjuouGf/VO0m7vQRh8QNMl2Uf6SwAtzZ9bOw3UIeBukEGNJl5dtXQ==}
    engines: {node: '>=14.16'}
    dependencies:
      '@tokenizer/token': 0.3.0
      peek-readable: 5.0.0
    dev: false

  /to-regex-range/5.0.1:
    resolution: {integrity: sha512-65P7iz6X5yEr1cwcgvQxbbIw7Uk3gOy5dIdtZ4rDveLqhrdJP+Li/Hx6tyK0NEb+2GCyneCMJiGqrADCSNk8sQ==}
    engines: {node: '>=8.0'}
    dependencies:
      is-number: 7.0.0
    dev: false

  /token-types/5.0.1:
    resolution: {integrity: sha512-Y2fmSnZjQdDb9W4w4r1tswlMHylzWIeOKpx0aZH9BgGtACHhrk3OkT52AzwcuqTRBZtvvnTjDBh8eynMulu8Vg==}
    engines: {node: '>=14.16'}
    dependencies:
      '@tokenizer/token': 0.3.0
      ieee754: 1.2.1
    dev: false

  /ts-mixer/6.0.2:
    resolution: {integrity: sha512-zvHx3VM83m2WYCE8XL99uaM7mFwYSkjR2OZti98fabHrwkjsCvgwChda5xctein3xGOyaQhtTeDq/1H/GNvF3A==}
    dev: false

  /tslib/2.4.1:
    resolution: {integrity: sha512-tGyy4dAjRIEwI7BzsB0lynWgOpfqjUdq91XXAlIWD2OwKBH7oCl/GZG/HT4BOHrTlPMOASlMQ7veyTqpmRcrNA==}
    dev: false

  /typescript/4.9.4:
    resolution: {integrity: sha512-Uz+dTXYzxXXbsFpM86Wh3dKCxrQqUcVMxwU54orwlJjOpO3ao8L7j5lH+dWfTwgCwIuM9GQ2kvVotzYJMXTBZg==}
    engines: {node: '>=4.2.0'}
    hasBin: true
    dev: true

  /undici/5.14.0:
    resolution: {integrity: sha512-yJlHYw6yXPPsuOH0x2Ib1Km61vu4hLiRRQoafs+WUgX1vO64vgnxiCEN9dpIrhZyHFsai3F0AEj4P9zy19enEQ==}
    engines: {node: '>=12.18'}
    dependencies:
      busboy: 1.6.0
    dev: false

  /utf-8-validate/6.0.0:
    resolution: {integrity: sha512-OCJuwxQsnG51swYmNloViggxNOFO/leOZpnb/vVeoastJbrzrZZU7lGsYlUcdkCl9nsBu2nkKLjpljb3Ckvb/Q==}
    engines: {node: '>=6.14.2'}
    requiresBuild: true
    dependencies:
      node-gyp-build: 4.6.0
    dev: false

  /util-deprecate/1.0.2:
    resolution: {integrity: sha512-EPD5q1uXyFxJpCrLnCc1nHnq3gOa6DZBocAIiI2TaSCA7VCJ1UJDMagCzIkXNsUYfD1daK//LTEQ8xiIbrHtcw==}
    dev: false

  /wrappy/1.0.2:
    resolution: {integrity: sha512-l4Sp/DRseor9wL6EvV2+TuQn63dMkPjZ/sp9XkghTEbV9KlPS1xUsZ3u7/IQO4wxtcFB4bgpQPRcR3QCvezPcQ==}

  /ws/8.12.0_b534fhs3xgzvdbz5qzlfkrhjjm:
    resolution: {integrity: sha512-kU62emKIdKVeEIOIKVegvqpXMSTAMLJozpHZaJNDYqBjzlSYXQGviYwN1osDLJ9av68qHd4a2oSjd7yD4pacig==}
    engines: {node: '>=10.0.0'}
    peerDependencies:
      bufferutil: ^4.0.1
      utf-8-validate: '>=5.0.2'
    peerDependenciesMeta:
      bufferutil:
        optional: true
      utf-8-validate:
        optional: true
    dependencies:
      bufferutil: 4.0.7
      utf-8-validate: 6.0.0
    dev: false

  /zlib-sync/0.1.7:
    resolution: {integrity: sha512-UmciU6ZrIwtwPC8noMzq+kGMdiWwNRZ3wC0SbED4Ew5Ikqx14MqDPRs/Pbk+3rZPh5SzsOgUBs1WRE0iieddpg==}
    requiresBuild: true
    dependencies:
      nan: 2.17.0
    dev: false
    optional: true

  github.com/discord/erlpack/cbe76be04c2210fc9cb6ff95910f0937c1011d04:
    resolution: {tarball: https://codeload.github.com/discord/erlpack/tar.gz/cbe76be04c2210fc9cb6ff95910f0937c1011d04}
    name: erlpack
    version: 0.1.3
    requiresBuild: true
    dependencies:
      bindings: 1.5.0
      nan: 2.17.0
    dev: false
    optional: true
